
Microsoft Visual Studio Solution File, Format Version 12.00
# Visual Studio Version 16
VisualStudioVersion = 16.0.30804.86
MinimumVisualStudioVersion = 10.0.40219.1
Project("{9A19103F-16F7-4668-BE54-9A1E7A4F7556}") = "RestArtIS.Server", "RestArtIS\Server\RestArtIS.Server.csproj", "{F78D0F7B-0105-4A65-AACB-C60B364B28CB}"
EndProject
Project("{9A19103F-16F7-4668-BE54-9A1E7A4F7556}") = "RestArtIS.Client", "RestArtIS\Client\RestArtIS.Client.csproj", "{A0E4C707-FEEB-44D5-BA56-B8AEB5B6F480}"
EndProject
Project("{9A19103F-16F7-4668-BE54-9A1E7A4F7556}") = "RestArtIS.Shared", "RestArtIS\Shared\RestArtIS.Shared.csproj", "{F6EF0836-04E5-4AC2-93A0-8AA62E670A76}"
EndProject
Global
	GlobalSection(SolutionConfigurationPlatforms) = preSolution
		Debug|Any CPU = Debug|Any CPU
		Release|Any CPU = Release|Any CPU
	EndGlobalSection
	GlobalSection(ProjectConfigurationPlatforms) = postSolution
		{F78D0F7B-0105-4A65-AACB-C60B364B28CB}.Debug|Any CPU.ActiveCfg = Debug|Any CPU
		{F78D0F7B-0105-4A65-AACB-C60B364B28CB}.Debug|Any CPU.Build.0 = Debug|Any CPU
		{F78D0F7B-0105-4A65-AACB-C60B364B28CB}.Release|Any CPU.ActiveCfg = Release|Any CPU
		{F78D0F7B-0105-4A65-AACB-C60B364B28CB}.Release|Any CPU.Build.0 = Release|Any CPU
		{A0E4C707-FEEB-44D5-BA56-B8AEB5B6F480}.Debug|Any CPU.ActiveCfg = Debug|Any CPU
		{A0E4C707-FEEB-44D5-BA56-B8AEB5B6F480}.Debug|Any CPU.Build.0 = Debug|Any CPU
		{A0E4C707-FEEB-44D5-BA56-B8AEB5B6F480}.Release|Any CPU.ActiveCfg = Release|Any CPU
		{A0E4C707-FEEB-44D5-BA56-B8AEB5B6F480}.Release|Any CPU.Build.0 = Release|Any CPU
		{F6EF0836-04E5-4AC2-93A0-8AA62E670A76}.Debug|Any CPU.ActiveCfg = Debug|Any CPU
		{F6EF0836-04E5-4AC2-93A0-8AA62E670A76}.Debug|Any CPU.Build.0 = Debug|Any CPU
		{F6EF0836-04E5-4AC2-93A0-8AA62E670A76}.Release|Any CPU.ActiveCfg = Release|Any CPU
		{F6EF0836-04E5-4AC2-93A0-8AA62E670A76}.Release|Any CPU.Build.0 = Release|Any CPU
	EndGlobalSection
	GlobalSection(SolutionProperties) = preSolution
		HideSolutionNode = FALSE
	EndGlobalSection
	GlobalSection(ExtensibilityGlobals) = postSolution
		SolutionGuid = {29CCBBE6-A886-41BC-AE50-7EB326807576}
	EndGlobalSection
EndGlobal
